
Microsoft Visual Studio Solution File, Format Version 12.00
# Visual Studio Version 17
VisualStudioVersion = 17.4.33020.496
MinimumVisualStudioVersion = 10.0.40219.1
Project("{FAE04EC0-301F-11D3-BF4B-00C04F79EFBC}") = "RealWorldApp.Android", "RealWorldApp\RealWorldApp.Android\RealWorldApp.Android.csproj", "{FB84DC2C-DC96-4EEA-A458-62C10317FE42}"
EndProject
Project("{FAE04EC0-301F-11D3-BF4B-00C04F79EFBC}") = "RealWorldApp.iOS", "RealWorldApp\RealWorldApp.iOS\RealWorldApp.iOS.csproj", "{9872F554-95B9-4D9F-A6EF-CEEB76AEFEBC}"
EndProject
Project("{FAE04EC0-301F-11D3-BF4B-00C04F79EFBC}") = "RealWorldApp", "RealWorldApp\RealWorldApp\RealWorldApp.csproj", "{156C7EC0-CA3D-48DF-9391-53A7DA4291D7}"
EndProject
Global
	GlobalSection(SolutionConfigurationPlatforms) = preSolution
		Debug|Any CPU = Debug|Any CPU
		Debug|iPhone = Debug|iPhone
		Debug|iPhoneSimulator = Debug|iPhoneSimulator
		Release|Any CPU = Release|Any CPU
		Release|iPhone = Release|iPhone
		Release|iPhoneSimulator = Release|iPhoneSimulator
	EndGlobalSection
	GlobalSection(ProjectConfigurationPlatforms) = postSolution
		{FB84DC2C-DC96-4EEA-A458-62C10317FE42}.Debug|Any CPU.ActiveCfg = Debug|Any CPU
		{FB84DC2C-DC96-4EEA-A458-62C10317FE42}.Debug|Any CPU.Build.0 = Debug|Any CPU
		{FB84DC2C-DC96-4EEA-A458-62C10317FE42}.Debug|Any CPU.Deploy.0 = Debug|Any CPU
		{FB84DC2C-DC96-4EEA-A458-62C10317FE42}.Debug|iPhone.ActiveCfg = Debug|Any CPU
		{FB84DC2C-DC96-4EEA-A458-62C10317FE42}.Debug|iPhone.Build.0 = Debug|Any CPU
		{FB84DC2C-DC96-4EEA-A458-62C10317FE42}.Debug|iPhone.Deploy.0 = Debug|Any CPU
		{FB84DC2C-DC96-4EEA-A458-62C10317FE42}.Debug|iPhoneSimulator.ActiveCfg = Debug|Any CPU
		{FB84DC2C-DC96-4EEA-A458-62C10317FE42}.Debug|iPhoneSimulator.Build.0 = Debug|Any CPU
		{FB84DC2C-DC96-4EEA-A458-62C10317FE42}.Debug|iPhoneSimulator.Deploy.0 = Debug|Any CPU
		{FB84DC2C-DC96-4EEA-A458-62C10317FE42}.Release|Any CPU.ActiveCfg = Release|Any CPU
		{FB84DC2C-DC96-4EEA-A458-62C10317FE42}.Release|Any CPU.Build.0 = Release|Any CPU
		{FB84DC2C-DC96-4EEA-A458-62C10317FE42}.Release|Any CPU.Deploy.0 = Release|Any CPU
		{FB84DC2C-DC96-4EEA-A458-62C10317FE42}.Release|iPhone.ActiveCfg = Release|Any CPU
		{FB84DC2C-DC96-4EEA-A458-62C10317FE42}.Release|iPhone.Build.0 = Release|Any CPU
		{FB84DC2C-DC96-4EEA-A458-62C10317FE42}.Release|iPhone.Deploy.0 = Release|Any CPU
		{FB84DC2C-DC96-4EEA-A458-62C10317FE42}.Release|iPhoneSimulator.ActiveCfg = Release|Any CPU
		{FB84DC2C-DC96-4EEA-A458-62C10317FE42}.Release|iPhoneSimulator.Build.0 = Release|Any CPU
		{FB84DC2C-DC96-4EEA-A458-62C10317FE42}.Release|iPhoneSimulator.Deploy.0 = Release|Any CPU
		{9872F554-95B9-4D9F-A6EF-CEEB76AEFEBC}.Debug|Any CPU.ActiveCfg = Debug|iPhone
		{9872F554-95B9-4D9F-A6EF-CEEB76AEFEBC}.Debug|Any CPU.Build.0 = Debug|iPhone
		{9872F554-95B9-4D9F-A6EF-CEEB76AEFEBC}.Debug|Any CPU.Deploy.0 = Debug|iPhone
		{9872F554-95B9-4D9F-A6EF-CEEB76AEFEBC}.Debug|iPhone.ActiveCfg = Debug|iPhone
		{9872F554-95B9-4D9F-A6EF-CEEB76AEFEBC}.Debug|iPhone.Build.0 = Debug|iPhone
		{9872F554-95B9-4D9F-A6EF-CEEB76AEFEBC}.Debug|iPhone.Deploy.0 = Debug|iPhone
		{9872F554-95B9-4D9F-A6EF-CEEB76AEFEBC}.Debug|iPhoneSimulator.ActiveCfg = Debug|iPhoneSimulator
		{9872F554-95B9-4D9F-A6EF-CEEB76AEFEBC}.Debug|iPhoneSimulator.Build.0 = Debug|iPhoneSimulator
		{9872F554-95B9-4D9F-A6EF-CEEB76AEFEBC}.Debug|iPhoneSimulator.Deploy.0 = Debug|iPhoneSimulator
		{9872F554-95B9-4D9F-A6EF-CEEB76AEFEBC}.Release|Any CPU.ActiveCfg = Release|iPhoneSimulator
		{9872F554-95B9-4D9F-A6EF-CEEB76AEFEBC}.Release|Any CPU.Build.0 = Release|iPhoneSimulator
		{9872F554-95B9-4D9F-A6EF-CEEB76AEFEBC}.Release|Any CPU.Deploy.0 = Release|iPhoneSimulator
		{9872F554-95B9-4D9F-A6EF-CEEB76AEFEBC}.Release|iPhone.ActiveCfg = Release|iPhone
		{9872F554-95B9-4D9F-A6EF-CEEB76AEFEBC}.Release|iPhone.Build.0 = Release|iPhone
		{9872F554-95B9-4D9F-A6EF-CEEB76AEFEBC}.Release|iPhone.Deploy.0 = Release|iPhone
		{9872F554-95B9-4D9F-A6EF-CEEB76AEFEBC}.Release|iPhoneSimulator.ActiveCfg = Release|iPhoneSimulator
		{9872F554-95B9-4D9F-A6EF-CEEB76AEFEBC}.Release|iPhoneSimulator.Build.0 = Release|iPhoneSimulator
		{9872F554-95B9-4D9F-A6EF-CEEB76AEFEBC}.Release|iPhoneSimulator.Deploy.0 = Release|iPhoneSimulator
		{156C7EC0-CA3D-48DF-9391-53A7DA4291D7}.Debug|Any CPU.ActiveCfg = Debug|Any CPU
		{156C7EC0-CA3D-48DF-9391-53A7DA4291D7}.Debug|Any CPU.Build.0 = Debug|Any CPU
		{156C7EC0-CA3D-48DF-9391-53A7DA4291D7}.Debug|Any CPU.Deploy.0 = Debug|Any CPU
		{156C7EC0-CA3D-48DF-9391-53A7DA4291D7}.Debug|iPhone.ActiveCfg = Debug|Any CPU
		{156C7EC0-CA3D-48DF-9391-53A7DA4291D7}.Debug|iPhone.Build.0 = Debug|Any CPU
		{156C7EC0-CA3D-48DF-9391-53A7DA4291D7}.Debug|iPhone.Deploy.0 = Debug|Any CPU
		{156C7EC0-CA3D-48DF-9391-53A7DA4291D7}.Debug|iPhoneSimulator.ActiveCfg = Debug|Any CPU
		{156C7EC0-CA3D-48DF-9391-53A7DA4291D7}.Debug|iPhoneSimulator.Build.0 = Debug|Any CPU
		{156C7EC0-CA3D-48DF-9391-53A7DA4291D7}.Debug|iPhoneSimulator.Deploy.0 = Debug|Any CPU
		{156C7EC0-CA3D-48DF-9391-53A7DA4291D7}.Release|Any CPU.ActiveCfg = Release|Any CPU
		{156C7EC0-CA3D-48DF-9391-53A7DA4291D7}.Release|Any CPU.Build.0 = Release|Any CPU
		{156C7EC0-CA3D-48DF-9391-53A7DA4291D7}.Release|Any CPU.Deploy.0 = Release|Any CPU
		{156C7EC0-CA3D-48DF-9391-53A7DA4291D7}.Release|iPhone.ActiveCfg = Release|Any CPU
		{156C7EC0-CA3D-48DF-9391-53A7DA4291D7}.Release|iPhone.Build.0 = Release|Any CPU
		{156C7EC0-CA3D-48DF-9391-53A7DA4291D7}.Release|iPhone.Deploy.0 = Release|Any CPU
		{156C7EC0-CA3D-48DF-9391-53A7DA4291D7}.Release|iPhoneSimulator.ActiveCfg = Release|Any CPU
		{156C7EC0-CA3D-48DF-9391-53A7DA4291D7}.Release|iPhoneSimulator.Build.0 = Release|Any CPU
		{156C7EC0-CA3D-48DF-9391-53A7DA4291D7}.Release|iPhoneSimulator.Deploy.0 = Release|Any CPU
	EndGlobalSection
	GlobalSection(SolutionProperties) = preSolution
		HideSolutionNode = FALSE
	EndGlobalSection
	GlobalSection(ExtensibilityGlobals) = postSolution
		SolutionGuid = {4B3E2965-5FE0-4C5E-9E72-32B2D4D4FC4A}
	EndGlobalSection
EndGlobal
